
Microsoft Visual Studio Solution File, Format Version 11.00
# Visual Studio 2010
Project("{FAE04EC0-301F-11D3-BF4B-00C04F79EFBC}") = "Final Project", "com.unity.postprocessing.Runtime.csproj", "{2B194E27-2303-586D-797D-6A99FA419E6A}"
EndProject
Project("{FAE04EC0-301F-11D3-BF4B-00C04F79EFBC}") = "Final Project", "Assembly-CSharp.csproj", "{4ABD25F2-7453-1E14-1C63-BCE00338D1E5}"
EndProject
Project("{FAE04EC0-301F-11D3-BF4B-00C04F79EFBC}") = "Final Project", "Assembly-CSharp-Editor.csproj", "{6CB10A00-C051-2FE2-03C6-036CBD648E1D}"
EndProject
Project("{FAE04EC0-301F-11D3-BF4B-00C04F79EFBC}") = "Final Project", "com.unity.postprocessing.Editor.csproj", "{105A4E45-A8D9-3253-18CF-6C7B1096A328}"
EndProject
Global
	GlobalSection(SolutionConfigurationPlatforms) = preSolution
		Debug|Any CPU = Debug|Any CPU
		Release|Any CPU = Release|Any CPU
	EndGlobalSection
	GlobalSection(ProjectConfigurationPlatforms) = postSolution
		{2B194E27-2303-586D-797D-6A99FA419E6A}.Debug|Any CPU.ActiveCfg = Debug|Any CPU
		{2B194E27-2303-586D-797D-6A99FA419E6A}.Debug|Any CPU.Build.0 = Debug|Any CPU
		{2B194E27-2303-586D-797D-6A99FA419E6A}.Release|Any CPU.ActiveCfg = Release|Any CPU
		{2B194E27-2303-586D-797D-6A99FA419E6A}.Release|Any CPU.Build.0 = Release|Any CPU
		{4ABD25F2-7453-1E14-1C63-BCE00338D1E5}.Debug|Any CPU.ActiveCfg = Debug|Any CPU
		{4ABD25F2-7453-1E14-1C63-BCE00338D1E5}.Debug|Any CPU.Build.0 = Debug|Any CPU
		{4ABD25F2-7453-1E14-1C63-BCE00338D1E5}.Release|Any CPU.ActiveCfg = Release|Any CPU
		{4ABD25F2-7453-1E14-1C63-BCE00338D1E5}.Release|Any CPU.Build.0 = Release|Any CPU
		{6CB10A00-C051-2FE2-03C6-036CBD648E1D}.Debug|Any CPU.ActiveCfg = Debug|Any CPU
		{6CB10A00-C051-2FE2-03C6-036CBD648E1D}.Debug|Any CPU.Build.0 = Debug|Any CPU
		{6CB10A00-C051-2FE2-03C6-036CBD648E1D}.Release|Any CPU.ActiveCfg = Release|Any CPU
		{6CB10A00-C051-2FE2-03C6-036CBD648E1D}.Release|Any CPU.Build.0 = Release|Any CPU
		{105A4E45-A8D9-3253-18CF-6C7B1096A328}.Debug|Any CPU.ActiveCfg = Debug|Any CPU
		{105A4E45-A8D9-3253-18CF-6C7B1096A328}.Debug|Any CPU.Build.0 = Debug|Any CPU
		{105A4E45-A8D9-3253-18CF-6C7B1096A328}.Release|Any CPU.ActiveCfg = Release|Any CPU
		{105A4E45-A8D9-3253-18CF-6C7B1096A328}.Release|Any CPU.Build.0 = Release|Any CPU
	EndGlobalSection
	GlobalSection(SolutionProperties) = preSolution
		HideSolutionNode = FALSE
	EndGlobalSection
	GlobalSection(MonoDevelopProperties) = preSolution
		StartupItem = Assembly-CSharp.csproj
	EndGlobalSection
EndGlobal
